
Microsoft Visual Studio Solution File, Format Version 12.00
# Visual Studio Version 17
VisualStudioVersion = 17.3.32804.467
MinimumVisualStudioVersion = 10.0.40219.1
Project("{9A19103F-16F7-4668-BE54-9A1E7A4F7556}") = "TicketSeller.API", "TicketSeller.MVC\TicketSeller.API.csproj", "{F02991F4-5A6D-4620-B981-42C5CDFD9A9F}"
	ProjectSection(ProjectDependencies) = postProject
		{0996C933-901E-46D9-94D6-229164C30764} = {0996C933-901E-46D9-94D6-229164C30764}
		{AD9351DF-779E-4F86-A311-874570983575} = {AD9351DF-779E-4F86-A311-874570983575}
	EndProjectSection
EndProject
Project("{9A19103F-16F7-4668-BE54-9A1E7A4F7556}") = "TicketSeller.DAL", "TicketSeller.DAL\TicketSeller.DAL.csproj", "{0996C933-901E-46D9-94D6-229164C30764}"
	ProjectSection(ProjectDependencies) = postProject
		{BFAF7468-0B3A-42DC-95FC-DE73A74865BD} = {BFAF7468-0B3A-42DC-95FC-DE73A74865BD}
	EndProjectSection
EndProject
Project("{9A19103F-16F7-4668-BE54-9A1E7A4F7556}") = "TicketSeller.Models", "TicketSeller.Models\TicketSeller.Models.csproj", "{BFAF7468-0B3A-42DC-95FC-DE73A74865BD}"
EndProject
Project("{9A19103F-16F7-4668-BE54-9A1E7A4F7556}") = "TicketSeller.Services", "TicketSeller.Services\TicketSeller.Services.csproj", "{AD9351DF-779E-4F86-A311-874570983575}"
	ProjectSection(ProjectDependencies) = postProject
		{0996C933-901E-46D9-94D6-229164C30764} = {0996C933-901E-46D9-94D6-229164C30764}
		{BFAF7468-0B3A-42DC-95FC-DE73A74865BD} = {BFAF7468-0B3A-42DC-95FC-DE73A74865BD}
	EndProjectSection
EndProject
Global
	GlobalSection(SolutionConfigurationPlatforms) = preSolution
		Debug|Any CPU = Debug|Any CPU
		Release|Any CPU = Release|Any CPU
	EndGlobalSection
	GlobalSection(ProjectConfigurationPlatforms) = postSolution
		{F02991F4-5A6D-4620-B981-42C5CDFD9A9F}.Debug|Any CPU.ActiveCfg = Debug|Any CPU
		{F02991F4-5A6D-4620-B981-42C5CDFD9A9F}.Debug|Any CPU.Build.0 = Debug|Any CPU
		{F02991F4-5A6D-4620-B981-42C5CDFD9A9F}.Release|Any CPU.ActiveCfg = Release|Any CPU
		{F02991F4-5A6D-4620-B981-42C5CDFD9A9F}.Release|Any CPU.Build.0 = Release|Any CPU
		{0996C933-901E-46D9-94D6-229164C30764}.Debug|Any CPU.ActiveCfg = Debug|Any CPU
		{0996C933-901E-46D9-94D6-229164C30764}.Debug|Any CPU.Build.0 = Debug|Any CPU
		{0996C933-901E-46D9-94D6-229164C30764}.Release|Any CPU.ActiveCfg = Release|Any CPU
		{0996C933-901E-46D9-94D6-229164C30764}.Release|Any CPU.Build.0 = Release|Any CPU
		{BFAF7468-0B3A-42DC-95FC-DE73A74865BD}.Debug|Any CPU.ActiveCfg = Debug|Any CPU
		{BFAF7468-0B3A-42DC-95FC-DE73A74865BD}.Debug|Any CPU.Build.0 = Debug|Any CPU
		{BFAF7468-0B3A-42DC-95FC-DE73A74865BD}.Release|Any CPU.ActiveCfg = Release|Any CPU
		{BFAF7468-0B3A-42DC-95FC-DE73A74865BD}.Release|Any CPU.Build.0 = Release|Any CPU
		{AD9351DF-779E-4F86-A311-874570983575}.Debug|Any CPU.ActiveCfg = Debug|Any CPU
		{AD9351DF-779E-4F86-A311-874570983575}.Debug|Any CPU.Build.0 = Debug|Any CPU
		{AD9351DF-779E-4F86-A311-874570983575}.Release|Any CPU.ActiveCfg = Release|Any CPU
		{AD9351DF-779E-4F86-A311-874570983575}.Release|Any CPU.Build.0 = Release|Any CPU
	EndGlobalSection
	GlobalSection(SolutionProperties) = preSolution
		HideSolutionNode = FALSE
	EndGlobalSection
	GlobalSection(ExtensibilityGlobals) = postSolution
		SolutionGuid = {78B3F772-6F0C-4748-8251-45A8752AD029}
	EndGlobalSection
EndGlobal
